{
  "requires": true,
  "lockfileVersion": 1,
  "dependencies": {
    "fancybox": {
      "version": "3.0.1",
      "resolved": "http://registry.npm.taobao.org/fancybox/download/fancybox-3.0.1.tgz",
      "integrity": "sha1-E/aSdEkVftAmxp54wrpb8PHamvc="
    },
    "jquery.fancybox": {
      "version": "2.1.5",
      "resolved": "http://registry.npm.taobao.org/jquery.fancybox/download/jquery.fancybox-2.1.5.tgz",
      "integrity": "sha1-5xdsGtqAwMZGGizBSf7+UlPgLAQ="
    }
  }
}
